// !$*UTF8*$!
{
	archiveVersion = 1;
	classes = {
	};
	objectVersion = 55;
	objects = {

/* Begin PBXBuildFile section */
		1D7210E028724ED00037D492 /* AppDelegate.swift in Sources */ = {isa = PBXBuildFile; fileRef = 1D7210DF28724ED00037D492 /* AppDelegate.swift */; };
		1D7210E228724ED00037D492 /* SceneDelegate.swift in Sources */ = {isa = PBXBuildFile; fileRef = 1D7210E128724ED00037D492 /* SceneDelegate.swift */; };
		1D7210E428724ED00037D492 /* ViewController.swift in Sources */ = {isa = PBXBuildFile; fileRef = 1D7210E328724ED00037D492 /* ViewController.swift */; };
		1D7210E928724ED10037D492 /* Assets.xcassets in Resources */ = {isa = PBXBuildFile; fileRef = 1D7210E828724ED10037D492 /* Assets.xcassets */; };
		1D7210EC28724ED10037D492 /* LaunchScreen.storyboard in Resources */ = {isa = PBXBuildFile; fileRef = 1D7210EA28724ED10037D492 /* LaunchScreen.storyboard */; };
		328885952875B87500F33266 /* NMapsMap.xcframework in Frameworks */ = {isa = PBXBuildFile; fileRef = 328885912875B86200F33266 /* NMapsMap.xcframework */; };
		328885982875B87700F33266 /* Pods_CJ_NaverAPI_Example.framework in Frameworks */ = {isa = PBXBuildFile; fileRef = 1297449F01F81DD12C3DB1CB /* Pods_CJ_NaverAPI_Example.framework */; };
		328CA3FF287714DC0021A616 /* UIViewController.swift in Sources */ = {isa = PBXBuildFile; fileRef = 328CA3FE287714DC0021A616 /* UIViewController.swift */; };
		329B19A8288BC06300C17CA2 /* UIView.swift in Sources */ = {isa = PBXBuildFile; fileRef = 329B19A7288BC06300C17CA2 /* UIView.swift */; };
		329B19AB288BC0C200C17CA2 /* IndicatorView.swift in Sources */ = {isa = PBXBuildFile; fileRef = 329B19AA288BC0C200C17CA2 /* IndicatorView.swift */; };
		329B19AD288BC46C00C17CA2 /* BottomSheetViewController.swift in Sources */ = {isa = PBXBuildFile; fileRef = 329B19AC288BC46C00C17CA2 /* BottomSheetViewController.swift */; };
		329B19AF288BDC7000C17CA2 /* UIFont.swift in Sources */ = {isa = PBXBuildFile; fileRef = 329B19AE288BDC7000C17CA2 /* UIFont.swift */; };
		329B19B1288BE3E500C17CA2 /* InfoTableViewCell.swift in Sources */ = {isa = PBXBuildFile; fileRef = 329B19B0288BE3E500C17CA2 /* InfoTableViewCell.swift */; };
		329B19B5288C009C00C17CA2 /* LabelClass.swift in Sources */ = {isa = PBXBuildFile; fileRef = 329B19B4288C009C00C17CA2 /* LabelClass.swift */; };
		329B19B7288C00A600C17CA2 /* ButtonClass.swift in Sources */ = {isa = PBXBuildFile; fileRef = 329B19B6288C00A600C17CA2 /* ButtonClass.swift */; };
		329B19B9288C04E800C17CA2 /* Device.swift in Sources */ = {isa = PBXBuildFile; fileRef = 329B19B8288C04E800C17CA2 /* Device.swift */; };
		32A9EB9D288A7AA500F033AB /* UIColor.swift in Sources */ = {isa = PBXBuildFile; fileRef = 32A9EB9C288A7AA500F033AB /* UIColor.swift */; };
		32C9279F287DA16200C781FC /* MapDataManager.swift in Sources */ = {isa = PBXBuildFile; fileRef = 32C9279E287DA16200C781FC /* MapDataManager.swift */; };
		32C927A1287DA4A400C781FC /* Constant.swift in Sources */ = {isa = PBXBuildFile; fileRef = 32C927A0287DA4A400C781FC /* Constant.swift */; };
		32C927A4287DA6E400C781FC /* MapResponse.swift in Sources */ = {isa = PBXBuildFile; fileRef = 32C927A3287DA6E400C781FC /* MapResponse.swift */; };
		32C927A6287DAE8D00C781FC /* MapProtocol.swift in Sources */ = {isa = PBXBuildFile; fileRef = 32C927A5287DAE8D00C781FC /* MapProtocol.swift */; };
/* End PBXBuildFile section */

/* Begin PBXFileReference section */
		01F64C6A636C5F09F1D9CF75 /* Pods-CJ-NaverAPI-Example.release.xcconfig */ = {isa = PBXFileReference; includeInIndex = 1; lastKnownFileType = text.xcconfig; name = "Pods-CJ-NaverAPI-Example.release.xcconfig"; path = "Target Support Files/Pods-CJ-NaverAPI-Example/Pods-CJ-NaverAPI-Example.release.xcconfig"; sourceTree = "<group>"; };
		1297449F01F81DD12C3DB1CB /* Pods_CJ_NaverAPI_Example.framework */ = {isa = PBXFileReference; explicitFileType = wrapper.framework; includeInIndex = 0; path = Pods_CJ_NaverAPI_Example.framework; sourceTree = BUILT_PRODUCTS_DIR; };
		1D7210DC28724ED00037D492 /* CJ-NaverAPI-Example.app */ = {isa = PBXFileReference; explicitFileType = wrapper.application; includeInIndex = 0; path = "CJ-NaverAPI-Example.app"; sourceTree = BUILT_PRODUCTS_DIR; };
		1D7210DF28724ED00037D492 /* AppDelegate.swift */ = {isa = PBXFileReference; lastKnownFileType = sourcecode.swift; path = AppDelegate.swift; sourceTree = "<group>"; };
		1D7210E128724ED00037D492 /* SceneDelegate.swift */ = {isa = PBXFileReference; lastKnownFileType = sourcecode.swift; path = SceneDelegate.swift; sourceTree = "<group>"; };
		1D7210E328724ED00037D492 /* ViewController.swift */ = {isa = PBXFileReference; lastKnownFileType = sourcecode.swift; path = ViewController.swift; sourceTree = "<group>"; };
		1D7210E828724ED10037D492 /* Assets.xcassets */ = {isa = PBXFileReference; lastKnownFileType = folder.assetcatalog; path = Assets.xcassets; sourceTree = "<group>"; };
		1D7210EB28724ED10037D492 /* Base */ = {isa = PBXFileReference; lastKnownFileType = file.storyboard; name = Base; path = Base.lproj/LaunchScreen.storyboard; sourceTree = "<group>"; };
		1D7210ED28724ED10037D492 /* Info.plist */ = {isa = PBXFileReference; lastKnownFileType = text.plist.xml; path = Info.plist; sourceTree = "<group>"; };
		328885912875B86200F33266 /* NMapsMap.xcframework */ = {isa = PBXFileReference; lastKnownFileType = wrapper.xcframework; name = NMapsMap.xcframework; path = Pods/NMapsMap/framework/NMapsMap.xcframework; sourceTree = "<group>"; };
		328CA3FE287714DC0021A616 /* UIViewController.swift */ = {isa = PBXFileReference; lastKnownFileType = sourcecode.swift; path = UIViewController.swift; sourceTree = "<group>"; };
		329B19A7288BC06300C17CA2 /* UIView.swift */ = {isa = PBXFileReference; lastKnownFileType = sourcecode.swift; path = UIView.swift; sourceTree = "<group>"; };
		329B19AA288BC0C200C17CA2 /* IndicatorView.swift */ = {isa = PBXFileReference; lastKnownFileType = sourcecode.swift; path = IndicatorView.swift; sourceTree = "<group>"; };
		329B19AC288BC46C00C17CA2 /* BottomSheetViewController.swift */ = {isa = PBXFileReference; lastKnownFileType = sourcecode.swift; path = BottomSheetViewController.swift; sourceTree = "<group>"; };
		329B19AE288BDC7000C17CA2 /* UIFont.swift */ = {isa = PBXFileReference; lastKnownFileType = sourcecode.swift; path = UIFont.swift; sourceTree = "<group>"; };
		329B19B0288BE3E500C17CA2 /* InfoTableViewCell.swift */ = {isa = PBXFileReference; lastKnownFileType = sourcecode.swift; path = InfoTableViewCell.swift; sourceTree = "<group>"; };
		329B19B4288C009C00C17CA2 /* LabelClass.swift */ = {isa = PBXFileReference; lastKnownFileType = sourcecode.swift; path = LabelClass.swift; sourceTree = "<group>"; };
		329B19B6288C00A600C17CA2 /* ButtonClass.swift */ = {isa = PBXFileReference; lastKnownFileType = sourcecode.swift; path = ButtonClass.swift; sourceTree = "<group>"; };
		329B19B8288C04E800C17CA2 /* Device.swift */ = {isa = PBXFileReference; lastKnownFileType = sourcecode.swift; path = Device.swift; sourceTree = "<group>"; };
		32A9EB9C288A7AA500F033AB /* UIColor.swift */ = {isa = PBXFileReference; lastKnownFileType = sourcecode.swift; path = UIColor.swift; sourceTree = "<group>"; };
		32C9279E287DA16200C781FC /* MapDataManager.swift */ = {isa = PBXFileReference; lastKnownFileType = sourcecode.swift; path = MapDataManager.swift; sourceTree = "<group>"; };
		32C927A0287DA4A400C781FC /* Constant.swift */ = {isa = PBXFileReference; lastKnownFileType = sourcecode.swift; path = Constant.swift; sourceTree = "<group>"; };
		32C927A3287DA6E400C781FC /* MapResponse.swift */ = {isa = PBXFileReference; lastKnownFileType = sourcecode.swift; path = MapResponse.swift; sourceTree = "<group>"; };
		32C927A5287DAE8D00C781FC /* MapProtocol.swift */ = {isa = PBXFileReference; lastKnownFileType = sourcecode.swift; path = MapProtocol.swift; sourceTree = "<group>"; };
		61F01D124C24B5F6227B1AC9 /* Pods-CJ-NaverAPI-Example.debug.xcconfig */ = {isa = PBXFileReference; includeInIndex = 1; lastKnownFileType = text.xcconfig; name = "Pods-CJ-NaverAPI-Example.debug.xcconfig"; path = "Target Support Files/Pods-CJ-NaverAPI-Example/Pods-CJ-NaverAPI-Example.debug.xcconfig"; sourceTree = "<group>"; };
/* End PBXFileReference section */

/* Begin PBXFrameworksBuildPhase section */
		1D7210D928724ED00037D492 /* Frameworks */ = {
			isa = PBXFrameworksBuildPhase;
			buildActionMask = 2147483647;
			files = (
				328885982875B87700F33266 /* Pods_CJ_NaverAPI_Example.framework in Frameworks */,
				328885952875B87500F33266 /* NMapsMap.xcframework in Frameworks */,
			);
			runOnlyForDeploymentPostprocessing = 0;
		};
/* End PBXFrameworksBuildPhase section */

/* Begin PBXGroup section */
		1D7210D328724ED00037D492 = {
			isa = PBXGroup;
			children = (
				1D7210DE28724ED00037D492 /* CJ-NaverAPI-Example */,
				1D7210DD28724ED00037D492 /* Products */,
				CBFAE36378AEDFDA19B20E44 /* Pods */,
				2EBE44A25417B12473332F9F /* Frameworks */,
			);
			sourceTree = "<group>";
		};
		1D7210DD28724ED00037D492 /* Products */ = {
			isa = PBXGroup;
			children = (
				1D7210DC28724ED00037D492 /* CJ-NaverAPI-Example.app */,
			);
			name = Products;
			sourceTree = "<group>";
		};
		1D7210DE28724ED00037D492 /* CJ-NaverAPI-Example */ = {
			isa = PBXGroup;
			children = (
				329B19B3288C008F00C17CA2 /* CustomClass */,
				328CA3FD287714CB0021A616 /* Extension */,
				329B19A9288BC0B200C17CA2 /* CommonClass */,
				32C927A0287DA4A400C781FC /* Constant.swift */,
				32C927A2287DA6B700C781FC /* FindPath */,
				1D7210DF28724ED00037D492 /* AppDelegate.swift */,
				1D7210E128724ED00037D492 /* SceneDelegate.swift */,
				1D7210E828724ED10037D492 /* Assets.xcassets */,
				1D7210EA28724ED10037D492 /* LaunchScreen.storyboard */,
				1D7210ED28724ED10037D492 /* Info.plist */,
			);
			path = "CJ-NaverAPI-Example";
			sourceTree = "<group>";
		};
		2EBE44A25417B12473332F9F /* Frameworks */ = {
			isa = PBXGroup;
			children = (
				328885912875B86200F33266 /* NMapsMap.xcframework */,
				1297449F01F81DD12C3DB1CB /* Pods_CJ_NaverAPI_Example.framework */,
			);
			name = Frameworks;
			sourceTree = "<group>";
		};
		328CA3FD287714CB0021A616 /* Extension */ = {
			isa = PBXGroup;
			children = (
				328CA3FE287714DC0021A616 /* UIViewController.swift */,
				32A9EB9C288A7AA500F033AB /* UIColor.swift */,
				329B19A7288BC06300C17CA2 /* UIView.swift */,
				329B19AE288BDC7000C17CA2 /* UIFont.swift */,
			);
			path = Extension;
			sourceTree = "<group>";
		};
		329B19A9288BC0B200C17CA2 /* CommonClass */ = {
			isa = PBXGroup;
			children = (
				329B19AA288BC0C200C17CA2 /* IndicatorView.swift */,
				329B19B8288C04E800C17CA2 /* Device.swift */,
			);
			path = CommonClass;
			sourceTree = "<group>";
		};
		329B19B2288BE77F00C17CA2 /* API */ = {
			isa = PBXGroup;
			children = (
				32C927A5287DAE8D00C781FC /* MapProtocol.swift */,
				32C927A3287DA6E400C781FC /* MapResponse.swift */,
				32C9279E287DA16200C781FC /* MapDataManager.swift */,
			);
			path = API;
			sourceTree = "<group>";
		};
		329B19B3288C008F00C17CA2 /* CustomClass */ = {
			isa = PBXGroup;
			children = (
				329B19B4288C009C00C17CA2 /* LabelClass.swift */,
				329B19B6288C00A600C17CA2 /* ButtonClass.swift */,
			);
			path = CustomClass;
			sourceTree = "<group>";
		};
		32C927A2287DA6B700C781FC /* FindPath */ = {
			isa = PBXGroup;
			children = (
				329B19B2288BE77F00C17CA2 /* API */,
				1D7210E328724ED00037D492 /* ViewController.swift */,
				329B19AC288BC46C00C17CA2 /* BottomSheetViewController.swift */,
				329B19B0288BE3E500C17CA2 /* InfoTableViewCell.swift */,
			);
			path = FindPath;
			sourceTree = "<group>";
		};
		CBFAE36378AEDFDA19B20E44 /* Pods */ = {
			isa = PBXGroup;
			children = (
				61F01D124C24B5F6227B1AC9 /* Pods-CJ-NaverAPI-Example.debug.xcconfig */,
				01F64C6A636C5F09F1D9CF75 /* Pods-CJ-NaverAPI-Example.release.xcconfig */,
			);
			path = Pods;
			sourceTree = "<group>";
		};
/* End PBXGroup section */

/* Begin PBXNativeTarget section */
		1D7210DB28724ED00037D492 /* CJ-NaverAPI-Example */ = {
			isa = PBXNativeTarget;
			buildConfigurationList = 1D7210F028724ED10037D492 /* Build configuration list for PBXNativeTarget "CJ-NaverAPI-Example" */;
			buildPhases = (
				6C7FE50A5C9BF20B6BFD86F8 /* [CP] Check Pods Manifest.lock */,
				1D7210D828724ED00037D492 /* Sources */,
				1D7210D928724ED00037D492 /* Frameworks */,
				1D7210DA28724ED00037D492 /* Resources */,
				4C643BD3BD82D27031F153CE /* [CP] Embed Pods Frameworks */,
			);
			buildRules = (
			);
			dependencies = (
			);
			name = "CJ-NaverAPI-Example";
			productName = "CJ-NaverAPI-Example";
			productReference = 1D7210DC28724ED00037D492 /* CJ-NaverAPI-Example.app */;
			productType = "com.apple.product-type.application";
		};
/* End PBXNativeTarget section */

/* Begin PBXProject section */
		1D7210D428724ED00037D492 /* Project object */ = {
			isa = PBXProject;
			attributes = {
				BuildIndependentTargetsInParallel = 1;
				LastSwiftUpdateCheck = 1340;
				LastUpgradeCheck = 1340;
				TargetAttributes = {
					1D7210DB28724ED00037D492 = {
						CreatedOnToolsVersion = 13.4.1;
					};
				};
			};
			buildConfigurationList = 1D7210D728724ED00037D492 /* Build configuration list for PBXProject "CJ-NaverAPI-Example" */;
			compatibilityVersion = "Xcode 13.0";
			developmentRegion = en;
			hasScannedForEncodings = 0;
			knownRegions = (
				en,
				Base,
			);
			mainGroup = 1D7210D328724ED00037D492;
			productRefGroup = 1D7210DD28724ED00037D492 /* Products */;
			projectDirPath = "";
			projectRoot = "";
			targets = (
				1D7210DB28724ED00037D492 /* CJ-NaverAPI-Example */,
			);
		};
/* End PBXProject section */

/* Begin PBXResourcesBuildPhase section */
		1D7210DA28724ED00037D492 /* Resources */ = {
			isa = PBXResourcesBuildPhase;
			buildActionMask = 2147483647;
			files = (
				1D7210EC28724ED10037D492 /* LaunchScreen.storyboard in Resources */,
				1D7210E928724ED10037D492 /* Assets.xcassets in Resources */,
			);
			runOnlyForDeploymentPostprocessing = 0;
		};
/* End PBXResourcesBuildPhase section */

/* Begin PBXShellScriptBuildPhase section */
		4C643BD3BD82D27031F153CE /* [CP] Embed Pods Frameworks */ = {
			isa = PBXShellScriptBuildPhase;
			buildActionMask = 2147483647;
			files = (
			);
			inputFileListPaths = (
				"${PODS_ROOT}/Target Support Files/Pods-CJ-NaverAPI-Example/Pods-CJ-NaverAPI-Example-frameworks-${CONFIGURATION}-input-files.xcfilelist",
			);
			name = "[CP] Embed Pods Frameworks";
			outputFileListPaths = (
				"${PODS_ROOT}/Target Support Files/Pods-CJ-NaverAPI-Example/Pods-CJ-NaverAPI-Example-frameworks-${CONFIGURATION}-output-files.xcfilelist",
			);
			runOnlyForDeploymentPostprocessing = 0;
			shellPath = /bin/sh;
			shellScript = "\"${PODS_ROOT}/Target Support Files/Pods-CJ-NaverAPI-Example/Pods-CJ-NaverAPI-Example-frameworks.sh\"\n";
			showEnvVarsInLog = 0;
		};
		6C7FE50A5C9BF20B6BFD86F8 /* [CP] Check Pods Manifest.lock */ = {
			isa = PBXShellScriptBuildPhase;
			buildActionMask = 8;
			files = (
			);
			inputFileListPaths = (
			);
			inputPaths = (
				"${PODS_PODFILE_DIR_PATH}/Podfile.lock",
				"${PODS_ROOT}/Manifest.lock",
			);
			name = "[CP] Check Pods Manifest.lock";
			outputFileListPaths = (
			);
			outputPaths = (
				"$(DERIVED_FILE_DIR)/Pods-CJ-NaverAPI-Example-checkManifestLockResult.txt",
			);
			runOnlyForDeploymentPostprocessing = 1;
			shellPath = /bin/sh;
			shellScript = "diff \"${PODS_PODFILE_DIR_PATH}/Podfile.lock\" \"${PODS_ROOT}/Manifest.lock\" > /dev/null\nif [ $? != 0 ] ; then\n    # print error to STDERR\n    echo \"error: The sandbox is not in sync with the Podfile.lock. Run 'pod install' or update your CocoaPods installation.\" >&2\n    exit 1\nfi\n# This output is used by Xcode 'outputs' to avoid re-running this script phase.\necho \"SUCCESS\" > \"${SCRIPT_OUTPUT_FILE_0}\"\n";
			showEnvVarsInLog = 0;
		};
/* End PBXShellScriptBuildPhase section */

/* Begin PBXSourcesBuildPhase section */
		1D7210D828724ED00037D492 /* Sources */ = {
			isa = PBXSourcesBuildPhase;
			buildActionMask = 2147483647;
			files = (
				329B19A8288BC06300C17CA2 /* UIView.swift in Sources */,
				32C927A6287DAE8D00C781FC /* MapProtocol.swift in Sources */,
				1D7210E428724ED00037D492 /* ViewController.swift in Sources */,
				329B19B9288C04E800C17CA2 /* Device.swift in Sources */,
				329B19B5288C009C00C17CA2 /* LabelClass.swift in Sources */,
				1D7210E028724ED00037D492 /* AppDelegate.swift in Sources */,
				329B19AB288BC0C200C17CA2 /* IndicatorView.swift in Sources */,
				1D7210E228724ED00037D492 /* SceneDelegate.swift in Sources */,
				32A9EB9D288A7AA500F033AB /* UIColor.swift in Sources */,
				329B19AD288BC46C00C17CA2 /* BottomSheetViewController.swift in Sources */,
				32C927A1287DA4A400C781FC /* Constant.swift in Sources */,
				329B19AF288BDC7000C17CA2 /* UIFont.swift in Sources */,
				32C927A4287DA6E400C781FC /* MapResponse.swift in Sources */,
				329B19B1288BE3E500C17CA2 /* InfoTableViewCell.swift in Sources */,
				32C9279F287DA16200C781FC /* MapDataManager.swift in Sources */,
				329B19B7288C00A600C17CA2 /* ButtonClass.swift in Sources */,
				328CA3FF287714DC0021A616 /* UIViewController.swift in Sources */,
			);
			runOnlyForDeploymentPostprocessing = 0;
		};
/* End PBXSourcesBuildPhase section */

/* Begin PBXVariantGroup section */
		1D7210EA28724ED10037D492 /* LaunchScreen.storyboard */ = {
			isa = PBXVariantGroup;
			children = (
				1D7210EB28724ED10037D492 /* Base */,
			);
			name = LaunchScreen.storyboard;
			sourceTree = "<group>";
		};
/* End PBXVariantGroup section */

/* Begin XCBuildConfiguration section */
		1D7210EE28724ED10037D492 /* Debug */ = {
			isa = XCBuildConfiguration;
			buildSettings = {
				ALWAYS_SEARCH_USER_PATHS = NO;
				CLANG_ANALYZER_NONNULL = YES;
				CLANG_ANALYZER_NUMBER_OBJECT_CONVERSION = YES_AGGRESSIVE;
				CLANG_CXX_LANGUAGE_STANDARD = "gnu++17";
				CLANG_ENABLE_MODULES = YES;
				CLANG_ENABLE_OBJC_ARC = YES;
				CLANG_ENABLE_OBJC_WEAK = YES;
				CLANG_WARN_BLOCK_CAPTURE_AUTORELEASING = YES;
				CLANG_WARN_BOOL_CONVERSION = YES;
				CLANG_WARN_COMMA = YES;
				CLANG_WARN_CONSTANT_CONVERSION = YES;
				CLANG_WARN_DEPRECATED_OBJC_IMPLEMENTATIONS = YES;
				CLANG_WARN_DIRECT_OBJC_ISA_USAGE = YES_ERROR;
				CLANG_WARN_DOCUMENTATION_COMMENTS = YES;
				CLANG_WARN_EMPTY_BODY = YES;
				CLANG_WARN_ENUM_CONVERSION = YES;
				CLANG_WARN_INFINITE_RECURSION = YES;
				CLANG_WARN_INT_CONVERSION = YES;
				CLANG_WARN_NON_LITERAL_NULL_CONVERSION = YES;
				CLANG_WARN_OBJC_IMPLICIT_RETAIN_SELF = YES;
				CLANG_WARN_OBJC_LITERAL_CONVERSION = YES;
				CLANG_WARN_OBJC_ROOT_CLASS = YES_ERROR;
				CLANG_WARN_QUOTED_INCLUDE_IN_FRAMEWORK_HEADER = YES;
				CLANG_WARN_RANGE_LOOP_ANALYSIS = YES;
				CLANG_WARN_STRICT_PROTOTYPES = YES;
				CLANG_WARN_SUSPICIOUS_MOVE = YES;
				CLANG_WARN_UNGUARDED_AVAILABILITY = YES_AGGRESSIVE;
				CLANG_WARN_UNREACHABLE_CODE = YES;
				CLANG_WARN__DUPLICATE_METHOD_MATCH = YES;
				COPY_PHASE_STRIP = NO;
				DEBUG_INFORMATION_FORMAT = dwarf;
				ENABLE_STRICT_OBJC_MSGSEND = YES;
				ENABLE_TESTABILITY = YES;
				GCC_C_LANGUAGE_STANDARD = gnu11;
				GCC_DYNAMIC_NO_PIC = NO;
				GCC_NO_COMMON_BLOCKS = YES;
				GCC_OPTIMIZATION_LEVEL = 0;
				GCC_PREPROCESSOR_DEFINITIONS = (
					"DEBUG=1",
					"$(inherited)",
				);
				GCC_WARN_64_TO_32_BIT_CONVERSION = YES;
				GCC_WARN_ABOUT_RETURN_TYPE = YES_ERROR;
				GCC_WARN_UNDECLARED_SELECTOR = YES;
				GCC_WARN_UNINITIALIZED_AUTOS = YES_AGGRESSIVE;
				GCC_WARN_UNUSED_FUNCTION = YES;
				GCC_WARN_UNUSED_VARIABLE = YES;
				IPHONEOS_DEPLOYMENT_TARGET = 15.5;
				MTL_ENABLE_DEBUG_INFO = INCLUDE_SOURCE;
				MTL_FAST_MATH = YES;
				ONLY_ACTIVE_ARCH = YES;
				SDKROOT = iphoneos;
				SWIFT_ACTIVE_COMPILATION_CONDITIONS = DEBUG;
				SWIFT_OPTIMIZATION_LEVEL = "-Onone";
			};
			name = Debug;
		};
		1D7210EF28724ED10037D492 /* Release */ = {
			isa = XCBuildConfiguration;
			buildSettings = {
				ALWAYS_SEARCH_USER_PATHS = NO;
				CLANG_ANALYZER_NONNULL = YES;
				CLANG_ANALYZER_NUMBER_OBJECT_CONVERSION = YES_AGGRESSIVE;
				CLANG_CXX_LANGUAGE_STANDARD = "gnu++17";
				CLANG_ENABLE_MODULES = YES;
				CLANG_ENABLE_OBJC_ARC = YES;
				CLANG_ENABLE_OBJC_WEAK = YES;
				CLANG_WARN_BLOCK_CAPTURE_AUTORELEASING = YES;
				CLANG_WARN_BOOL_CONVERSION = YES;
				CLANG_WARN_COMMA = YES;
				CLANG_WARN_CONSTANT_CONVERSION = YES;
				CLANG_WARN_DEPRECATED_OBJC_IMPLEMENTATIONS = YES;
				CLANG_WARN_DIRECT_OBJC_ISA_USAGE = YES_ERROR;
				CLANG_WARN_DOCUMENTATION_COMMENTS = YES;
				CLANG_WARN_EMPTY_BODY = YES;
				CLANG_WARN_ENUM_CONVERSION = YES;
				CLANG_WARN_INFINITE_RECURSION = YES;
				CLANG_WARN_INT_CONVERSION = YES;
				CLANG_WARN_NON_LITERAL_NULL_CONVERSION = YES;
				CLANG_WARN_OBJC_IMPLICIT_RETAIN_SELF = YES;
				CLANG_WARN_OBJC_LITERAL_CONVERSION = YES;
				CLANG_WARN_OBJC_ROOT_CLASS = YES_ERROR;
				CLANG_WARN_QUOTED_INCLUDE_IN_FRAMEWORK_HEADER = YES;
				CLANG_WARN_RANGE_LOOP_ANALYSIS = YES;
				CLANG_WARN_STRICT_PROTOTYPES = YES;
				CLANG_WARN_SUSPICIOUS_MOVE = YES;
				CLANG_WARN_UNGUARDED_AVAILABILITY = YES_AGGRESSIVE;
				CLANG_WARN_UNREACHABLE_CODE = YES;
				CLANG_WARN__DUPLICATE_METHOD_MATCH = YES;
				COPY_PHASE_STRIP = NO;
				DEBUG_INFORMATION_FORMAT = "dwarf-with-dsym";
				ENABLE_NS_ASSERTIONS = NO;
				ENABLE_STRICT_OBJC_MSGSEND = YES;
				GCC_C_LANGUAGE_STANDARD = gnu11;
				GCC_NO_COMMON_BLOCKS = YES;
				GCC_WARN_64_TO_32_BIT_CONVERSION = YES;
				GCC_WARN_ABOUT_RETURN_TYPE = YES_ERROR;
				GCC_WARN_UNDECLARED_SELECTOR = YES;
				GCC_WARN_UNINITIALIZED_AUTOS = YES_AGGRESSIVE;
				GCC_WARN_UNUSED_FUNCTION = YES;
				GCC_WARN_UNUSED_VARIABLE = YES;
				IPHONEOS_DEPLOYMENT_TARGET = 15.5;
				MTL_ENABLE_DEBUG_INFO = NO;
				MTL_FAST_MATH = YES;
				SDKROOT = iphoneos;
				SWIFT_COMPILATION_MODE = wholemodule;
				SWIFT_OPTIMIZATION_LEVEL = "-O";
				VALIDATE_PRODUCT = YES;
			};
			name = Release;
		};
		1D7210F128724ED10037D492 /* Debug */ = {
			isa = XCBuildConfiguration;
			baseConfigurationReference = 61F01D124C24B5F6227B1AC9 /* Pods-CJ-NaverAPI-Example.debug.xcconfig */;
			buildSettings = {
				ASSETCATALOG_COMPILER_APPICON_NAME = AppIcon;
				ASSETCATALOG_COMPILER_GLOBAL_ACCENT_COLOR_NAME = AccentColor;
				CODE_SIGN_STYLE = Automatic;
				CURRENT_PROJECT_VERSION = 1;
				DEVELOPMENT_TEAM = DJ9XQ898HT;
				GENERATE_INFOPLIST_FILE = YES;
				INFOPLIST_FILE = "CJ-NaverAPI-Example/Info.plist";
				INFOPLIST_KEY_UIApplicationSupportsIndirectInputEvents = YES;
				INFOPLIST_KEY_UILaunchStoryboardName = LaunchScreen;
				INFOPLIST_KEY_UISupportedInterfaceOrientations_iPad = "UIInterfaceOrientationPortrait UIInterfaceOrientationPortraitUpsideDown UIInterfaceOrientationLandscapeLeft UIInterfaceOrientationLandscapeRight";
				INFOPLIST_KEY_UISupportedInterfaceOrientations_iPhone = "UIInterfaceOrientationPortrait UIInterfaceOrientationLandscapeLeft UIInterfaceOrientationLandscapeRight";
				IPHONEOS_DEPLOYMENT_TARGET = 15.2;
				LD_RUNPATH_SEARCH_PATHS = (
					"$(inherited)",
					"@executable_path/Frameworks",
				);
				MARKETING_VERSION = 1.0;
				PRODUCT_BUNDLE_IDENTIFIER = "wonjune.CJ-NaverAPI-Example";
				PRODUCT_NAME = "$(TARGET_NAME)";
				SWIFT_EMIT_LOC_STRINGS = YES;
				SWIFT_VERSION = 5.0;
				TARGETED_DEVICE_FAMILY = "1,2";
			};
			name = Debug;
		};
		1D7210F228724ED10037D492 /* Release */ = {
			isa = XCBuildConfiguration;
			baseConfigurationReference = 01F64C6A636C5F09F1D9CF75 /* Pods-CJ-NaverAPI-Example.release.xcconfig */;
			buildSettings = {
				ASSETCATALOG_COMPILER_APPICON_NAME = AppIcon;
				ASSETCATALOG_COMPILER_GLOBAL_ACCENT_COLOR_NAME = AccentColor;
				CODE_SIGN_STYLE = Automatic;
				CURRENT_PROJECT_VERSION = 1;
				DEVELOPMENT_TEAM = DJ9XQ898HT;
				GENERATE_INFOPLIST_FILE = YES;
				INFOPLIST_FILE = "CJ-NaverAPI-Example/Info.plist";
				INFOPLIST_KEY_UIApplicationSupportsIndirectInputEvents = YES;
				INFOPLIST_KEY_UILaunchStoryboardName = LaunchScreen;
				INFOPLIST_KEY_UISupportedInterfaceOrientations_iPad = "UIInterfaceOrientationPortrait UIInterfaceOrientationPortraitUpsideDown UIInterfaceOrientationLandscapeLeft UIInterfaceOrientationLandscapeRight";
				INFOPLIST_KEY_UISupportedInterfaceOrientations_iPhone = "UIInterfaceOrientationPortrait UIInterfaceOrientationLandscapeLeft UIInterfaceOrientationLandscapeRight";
				IPHONEOS_DEPLOYMENT_TARGET = 15.2;
				LD_RUNPATH_SEARCH_PATHS = (
					"$(inherited)",
					"@executable_path/Frameworks",
				);
				MARKETING_VERSION = 1.0;
				PRODUCT_BUNDLE_IDENTIFIER = "wonjune.CJ-NaverAPI-Example";
				PRODUCT_NAME = "$(TARGET_NAME)";
				SWIFT_EMIT_LOC_STRINGS = YES;
				SWIFT_VERSION = 5.0;
				TARGETED_DEVICE_FAMILY = "1,2";
			};
			name = Release;
		};
/* End XCBuildConfiguration section */

/* Begin XCConfigurationList section */
		1D7210D728724ED00037D492 /* Build configuration list for PBXProject "CJ-NaverAPI-Example" */ = {
			isa = XCConfigurationList;
			buildConfigurations = (
				1D7210EE28724ED10037D492 /* Debug */,
				1D7210EF28724ED10037D492 /* Release */,
			);
			defaultConfigurationIsVisible = 0;
			defaultConfigurationName = Release;
		};
		1D7210F028724ED10037D492 /* Build configuration list for PBXNativeTarget "CJ-NaverAPI-Example" */ = {
			isa = XCConfigurationList;
			buildConfigurations = (
				1D7210F128724ED10037D492 /* Debug */,
				1D7210F228724ED10037D492 /* Release */,
			);
			defaultConfigurationIsVisible = 0;
			defaultConfigurationName = Release;
		};
/* End XCConfigurationList section */
	};
	rootObject = 1D7210D428724ED00037D492 /* Project object */;
}
